
Microsoft Visual Studio Solution File, Format Version 12.00
# Visual Studio Version 17
VisualStudioVersion = 17.5.33424.131
MinimumVisualStudioVersion = 10.0.40219.1
Project("{FAE04EC0-301F-11D3-BF4B-00C04F79EFBC}") = "HellorWorld", "HellorWorld\HellorWorld.csproj", "{14848C2B-653A-4BA8-B6FB-0B1DA680DCAD}"
EndProject
Global
	GlobalSection(SolutionConfigurationPlatforms) = preSolution
		Debug|Any CPU = Debug|Any CPU
		Release|Any CPU = Release|Any CPU
	EndGlobalSection
	GlobalSection(ProjectConfigurationPlatforms) = postSolution
		{14848C2B-653A-4BA8-B6FB-0B1DA680DCAD}.Debug|Any CPU.ActiveCfg = Debug|Any CPU
		{14848C2B-653A-4BA8-B6FB-0B1DA680DCAD}.Debug|Any CPU.Build.0 = Debug|Any CPU
		{14848C2B-653A-4BA8-B6FB-0B1DA680DCAD}.Release|Any CPU.ActiveCfg = Release|Any CPU
		{14848C2B-653A-4BA8-B6FB-0B1DA680DCAD}.Release|Any CPU.Build.0 = Release|Any CPU
	EndGlobalSection
	GlobalSection(SolutionProperties) = preSolution
		HideSolutionNode = FALSE
	EndGlobalSection
	GlobalSection(ExtensibilityGlobals) = postSolution
		SolutionGuid = {7866E441-55D3-4983-B2E2-A8DD17112514}
	EndGlobalSection
EndGlobal
